
Microsoft Visual Studio Solution File, Format Version 12.00
# Visual Studio Version 17
VisualStudioVersion = 17.9.34728.123
MinimumVisualStudioVersion = 10.0.40219.1
Project("{FAE04EC0-301F-11D3-BF4B-00C04F79EFBC}") = "randown", "randown\randown.csproj", "{1EC409C2-00C0-43C1-BD01-04D5094DA070}"
EndProject
Global
	GlobalSection(SolutionConfigurationPlatforms) = preSolution
		Debug|Any CPU = Debug|Any CPU
		Release|Any CPU = Release|Any CPU
	EndGlobalSection
	GlobalSection(ProjectConfigurationPlatforms) = postSolution
		{1EC409C2-00C0-43C1-BD01-04D5094DA070}.Debug|Any CPU.ActiveCfg = Debug|Any CPU
		{1EC409C2-00C0-43C1-BD01-04D5094DA070}.Debug|Any CPU.Build.0 = Debug|Any CPU
		{1EC409C2-00C0-43C1-BD01-04D5094DA070}.Release|Any CPU.ActiveCfg = Release|Any CPU
		{1EC409C2-00C0-43C1-BD01-04D5094DA070}.Release|Any CPU.Build.0 = Release|Any CPU
	EndGlobalSection
	GlobalSection(SolutionProperties) = preSolution
		HideSolutionNode = FALSE
	EndGlobalSection
	GlobalSection(ExtensibilityGlobals) = postSolution
		SolutionGuid = {0DA8911C-1370-4090-9F88-F883E31E3E05}
	EndGlobalSection
EndGlobal
